
Microsoft Visual Studio Solution File, Format Version 12.00
# Visual Studio Version 16
VisualStudioVersion = 16.0.29102.190
MinimumVisualStudioVersion = 10.0.40219.1
Project("{FAE04EC0-301F-11D3-BF4B-00C04F79EFBC}") = "AzureBlobStorageUpload", "AzureBlobStorageUpload\AzureBlobStorageUpload.csproj", "{094CE2F6-D01D-4833-9843-F57407F0F22C}"
EndProject
Project("{FAE04EC0-301F-11D3-BF4B-00C04F79EFBC}") = "AzureBlobStorageUploadWeb", "AzureBlobStorageUploadWeb\AzureBlobStorageUploadWeb.csproj", "{327180ED-5844-4BA3-8603-5C28CC11C06E}"
EndProject
Project("{FAE04EC0-301F-11D3-BF4B-00C04F79EFBC}") = "AzureUploadBlobLegacy", "AzureUploadBlobLegacy\AzureUploadBlobLegacy.csproj", "{86EED2A5-FA86-4060-82EE-2F1A1FC4BB8B}"
EndProject
Project("{FAE04EC0-301F-11D3-BF4B-00C04F79EFBC}") = "AzureUploadBlobCurrent", "UploadBlobCurrent\AzureUploadBlobCurrent.csproj", "{0C027587-7D50-4863-8F85-51E9ADF9FF97}"
EndProject
Global
	GlobalSection(SolutionConfigurationPlatforms) = preSolution
		Debug|Any CPU = Debug|Any CPU
		Release|Any CPU = Release|Any CPU
	EndGlobalSection
	GlobalSection(ProjectConfigurationPlatforms) = postSolution
		{094CE2F6-D01D-4833-9843-F57407F0F22C}.Debug|Any CPU.ActiveCfg = Debug|Any CPU
		{094CE2F6-D01D-4833-9843-F57407F0F22C}.Debug|Any CPU.Build.0 = Debug|Any CPU
		{094CE2F6-D01D-4833-9843-F57407F0F22C}.Release|Any CPU.ActiveCfg = Release|Any CPU
		{094CE2F6-D01D-4833-9843-F57407F0F22C}.Release|Any CPU.Build.0 = Release|Any CPU
		{327180ED-5844-4BA3-8603-5C28CC11C06E}.Debug|Any CPU.ActiveCfg = Debug|Any CPU
		{327180ED-5844-4BA3-8603-5C28CC11C06E}.Debug|Any CPU.Build.0 = Debug|Any CPU
		{327180ED-5844-4BA3-8603-5C28CC11C06E}.Release|Any CPU.ActiveCfg = Release|Any CPU
		{327180ED-5844-4BA3-8603-5C28CC11C06E}.Release|Any CPU.Build.0 = Release|Any CPU
		{86EED2A5-FA86-4060-82EE-2F1A1FC4BB8B}.Debug|Any CPU.ActiveCfg = Debug|Any CPU
		{86EED2A5-FA86-4060-82EE-2F1A1FC4BB8B}.Debug|Any CPU.Build.0 = Debug|Any CPU
		{86EED2A5-FA86-4060-82EE-2F1A1FC4BB8B}.Release|Any CPU.ActiveCfg = Release|Any CPU
		{86EED2A5-FA86-4060-82EE-2F1A1FC4BB8B}.Release|Any CPU.Build.0 = Release|Any CPU
		{0C027587-7D50-4863-8F85-51E9ADF9FF97}.Debug|Any CPU.ActiveCfg = Debug|Any CPU
		{0C027587-7D50-4863-8F85-51E9ADF9FF97}.Debug|Any CPU.Build.0 = Debug|Any CPU
		{0C027587-7D50-4863-8F85-51E9ADF9FF97}.Release|Any CPU.ActiveCfg = Release|Any CPU
		{0C027587-7D50-4863-8F85-51E9ADF9FF97}.Release|Any CPU.Build.0 = Release|Any CPU
	EndGlobalSection
	GlobalSection(SolutionProperties) = preSolution
		HideSolutionNode = FALSE
	EndGlobalSection
	GlobalSection(ExtensibilityGlobals) = postSolution
		SolutionGuid = {5551FCAF-7249-415E-AF5E-E8CB706EFB62}
	EndGlobalSection
EndGlobal
